
Microsoft Visual Studio Solution File, Format Version 12.00
# Visual Studio Version 17
VisualStudioVersion = 17.0.32014.148
MinimumVisualStudioVersion = 10.0.40219.1
Project("{FAE04EC0-301F-11D3-BF4B-00C04F79EFBC}") = "vk to tg", "vk to tg.csproj", "{08518F05-33AE-4FDD-936A-A5682EDE6BFF}"
EndProject
Global
	GlobalSection(SolutionConfigurationPlatforms) = preSolution
		Debug|Any CPU = Debug|Any CPU
		Release|Any CPU = Release|Any CPU
	EndGlobalSection
	GlobalSection(ProjectConfigurationPlatforms) = postSolution
		{08518F05-33AE-4FDD-936A-A5682EDE6BFF}.Debug|Any CPU.ActiveCfg = Debug|Any CPU
		{08518F05-33AE-4FDD-936A-A5682EDE6BFF}.Debug|Any CPU.Build.0 = Debug|Any CPU
		{08518F05-33AE-4FDD-936A-A5682EDE6BFF}.Release|Any CPU.ActiveCfg = Release|Any CPU
		{08518F05-33AE-4FDD-936A-A5682EDE6BFF}.Release|Any CPU.Build.0 = Release|Any CPU
	EndGlobalSection
	GlobalSection(SolutionProperties) = preSolution
		HideSolutionNode = FALSE
	EndGlobalSection
	GlobalSection(ExtensibilityGlobals) = postSolution
		SolutionGuid = {880CA3CB-6D8E-464C-B7EC-BECF947BA949}
	EndGlobalSection
EndGlobal
